github.com/zeta-chain/node v0.0.0-20240903163921-74f1ab59c658 h1:+KzsEBBWfxAMqMjwOcivdpSHPncDSMU3yw7oIG5YJAw=
github.com/zeta-chain/node v0.0.0-20240903163921-74f1ab59c658/go.mod h1:XJj15D2+sgtX3wqx1O85A0bKUI3srKyZwkxdcfgoK6I=
github.com/zeta-chain/node v1.2.1/go.mod h1:z72YVX6jPPst8K06l0LTKORJXN7XB1RKUiliU52Cwk0=
